
Microsoft Visual Studio Solution File, Format Version 12.00
# Visual Studio 15
VisualStudioVersion = 15.0.27004.2005
MinimumVisualStudioVersion = 10.0.40219.1
Project("{9A19103F-16F7-4668-BE54-9A1E7A4F7556}") = "Unity.Abstractions", "Abstractions\src\Unity.Abstractions.csproj", "{AED2F214-F689-4FC8-97B5-7DE24EF63DBB}"
EndProject
Project("{9A19103F-16F7-4668-BE54-9A1E7A4F7556}") = "Unity.Container", "Container\src\Unity.Container.csproj", "{5354E5BC-CA25-4EC5-9611-AF2CFA02EC00}"
EndProject
Project("{9A19103F-16F7-4668-BE54-9A1E7A4F7556}") = "Unity.Tests", "Container\tests\Unity.Tests\Unity.Tests.csproj", "{D86565A5-3CBD-48FE-AAD7-C94FC40031B4}"
EndProject
Project("{2150E333-8FDC-42A3-9474-1A3956D46DE8}") = "Tests", "Tests", "{43785A0C-D477-4DD2-8D20-22ADA786C9A9}"
EndProject
Global
	GlobalSection(SolutionConfigurationPlatforms) = preSolution
		Debug|Any CPU = Debug|Any CPU
		Release|Any CPU = Release|Any CPU
	EndGlobalSection
	GlobalSection(ProjectConfigurationPlatforms) = postSolution
		{AED2F214-F689-4FC8-97B5-7DE24EF63DBB}.Debug|Any CPU.ActiveCfg = Debug|Any CPU
		{AED2F214-F689-4FC8-97B5-7DE24EF63DBB}.Debug|Any CPU.Build.0 = Debug|Any CPU
		{AED2F214-F689-4FC8-97B5-7DE24EF63DBB}.Release|Any CPU.ActiveCfg = Release|Any CPU
		{AED2F214-F689-4FC8-97B5-7DE24EF63DBB}.Release|Any CPU.Build.0 = Release|Any CPU
		{5354E5BC-CA25-4EC5-9611-AF2CFA02EC00}.Debug|Any CPU.ActiveCfg = Debug|Any CPU
		{5354E5BC-CA25-4EC5-9611-AF2CFA02EC00}.Debug|Any CPU.Build.0 = Debug|Any CPU
		{5354E5BC-CA25-4EC5-9611-AF2CFA02EC00}.Release|Any CPU.ActiveCfg = Release|Any CPU
		{5354E5BC-CA25-4EC5-9611-AF2CFA02EC00}.Release|Any CPU.Build.0 = Release|Any CPU
		{D86565A5-3CBD-48FE-AAD7-C94FC40031B4}.Debug|Any CPU.ActiveCfg = Debug|Any CPU
		{D86565A5-3CBD-48FE-AAD7-C94FC40031B4}.Debug|Any CPU.Build.0 = Debug|Any CPU
		{D86565A5-3CBD-48FE-AAD7-C94FC40031B4}.Release|Any CPU.ActiveCfg = Release|Any CPU
		{D86565A5-3CBD-48FE-AAD7-C94FC40031B4}.Release|Any CPU.Build.0 = Release|Any CPU
	EndGlobalSection
	GlobalSection(SolutionProperties) = preSolution
		HideSolutionNode = FALSE
	EndGlobalSection
	GlobalSection(NestedProjects) = preSolution
		{D86565A5-3CBD-48FE-AAD7-C94FC40031B4} = {43785A0C-D477-4DD2-8D20-22ADA786C9A9}
	EndGlobalSection
	GlobalSection(ExtensibilityGlobals) = postSolution
		SolutionGuid = {C1A31BB3-3E0D-4250-948A-5481C15E0EE4}
	EndGlobalSection
EndGlobal
